
Microsoft Visual Studio Solution File, Format Version 12.00
# Visual Studio 2012
Project("{FAE04EC0-301F-11D3-BF4B-00C04F79EFBC}") = "Worker", "Publisher\Worker.csproj", "{926CF760-A4A3-489E-A75A-6472A039042E}"
EndProject
Global
	GlobalSection(SolutionConfigurationPlatforms) = preSolution
		Debug|Any CPU = Debug|Any CPU
		Release|Any CPU = Release|Any CPU
	EndGlobalSection
	GlobalSection(ProjectConfigurationPlatforms) = postSolution
		{926CF760-A4A3-489E-A75A-6472A039042E}.Debug|Any CPU.ActiveCfg = Debug|Any CPU
		{926CF760-A4A3-489E-A75A-6472A039042E}.Debug|Any CPU.Build.0 = Debug|Any CPU
		{926CF760-A4A3-489E-A75A-6472A039042E}.Release|Any CPU.ActiveCfg = Release|Any CPU
		{926CF760-A4A3-489E-A75A-6472A039042E}.Release|Any CPU.Build.0 = Release|Any CPU
	EndGlobalSection
EndGlobal
